
Microsoft Visual Studio Solution File, Format Version 12.00
Project("{FAE04EC0-301F-11D3-BF4B-00C04F79EFBC}") = "RandomMinMax", "RandomMinMax\RandomMinMax.csproj", "{BCA8B12F-337A-4DEA-B2AD-29807A54A0D9}"
EndProject
Project("{FAE04EC0-301F-11D3-BF4B-00C04F79EFBC}") = "MonteCarlo", "MonteCarlo\MonteCarlo.csproj", "{D5604D02-E10A-4A49-90A1-D9606C5AACCF}"
EndProject
Global
	GlobalSection(SolutionConfigurationPlatforms) = preSolution
		Debug|Any CPU = Debug|Any CPU
		Release|Any CPU = Release|Any CPU
	EndGlobalSection
	GlobalSection(ProjectConfigurationPlatforms) = postSolution
		{BCA8B12F-337A-4DEA-B2AD-29807A54A0D9}.Debug|Any CPU.ActiveCfg = Debug|Any CPU
		{BCA8B12F-337A-4DEA-B2AD-29807A54A0D9}.Debug|Any CPU.Build.0 = Debug|Any CPU
		{BCA8B12F-337A-4DEA-B2AD-29807A54A0D9}.Release|Any CPU.ActiveCfg = Release|Any CPU
		{BCA8B12F-337A-4DEA-B2AD-29807A54A0D9}.Release|Any CPU.Build.0 = Release|Any CPU
		{D5604D02-E10A-4A49-90A1-D9606C5AACCF}.Debug|Any CPU.ActiveCfg = Debug|Any CPU
		{D5604D02-E10A-4A49-90A1-D9606C5AACCF}.Debug|Any CPU.Build.0 = Debug|Any CPU
		{D5604D02-E10A-4A49-90A1-D9606C5AACCF}.Release|Any CPU.ActiveCfg = Release|Any CPU
		{D5604D02-E10A-4A49-90A1-D9606C5AACCF}.Release|Any CPU.Build.0 = Release|Any CPU
	EndGlobalSection
EndGlobal
